{
  "name": "new-ajs-repo",
  "version": "1.0.0",
  "lockfileVersion": 3,
  "requires": true,
  "packages": {
    "": {
      "name": "new-ajs-repo",
      "version": "1.0.0",
      "license": "ISC",
      "dependencies": {
        "@nadyazharkova/ajs-repo": "^1.0.0"
      }
    },
    "node_modules/@nadyazharkova/ajs-repo": {
      "version": "1.0.0",
      "resolved": "https://npm.pkg.github.com/download/@nadyazharkova/ajs-repo/1.0.0/206456c7e4bb70573f8996c8dfc5149ee3de0976",
      "integrity": "sha512-jdFstfz3XQflj9OZGtfiRONXkUBJxe5qH1vO7sPabF8vBf7GudeDXYWtn9k8dS0TxIF7n+KSn/KpUosECMs+4w==",
      "license": "ISC"
    }
  }
}
